{
  "name": "sourceror-driver",
  "version": "1.0.3",
  "lockfileVersion": 1,
  "requires": true,
  "dependencies": {
    "@btzy/libsourceror": {
      "version": "0.0.1",
      "resolved": "https://registry.npmjs.org/@btzy/libsourceror/-/libsourceror-0.0.1.tgz",
      "integrity": "sha512-5zGfpcAzo/DSmpF39fTpv0veC5onFqOd5n7YavlqVSjiUrw+imr5befbvwTV3ak8VepTB9qGK/FNghB2otdH5g=="
    },
    "@btzy/source-compiler": {
      "version": "file:../sourceror/pkg"
    },
    "@types/node": {
      "version": "13.9.5",
      "resolved": "https://registry.npmjs.org/@types/node/-/node-13.9.5.tgz",
      "integrity": "sha512-hkzMMD3xu6BrJpGVLeQ3htQQNAcOrJjX7WFmtK8zWQpz2UJf13LCFF2ALA7c9OVdvc2vQJeDdjfR35M0sBCxvw=="
    },
    "node-getopt": {
      "version": "0.3.2",
      "resolved": "https://registry.npmjs.org/node-getopt/-/node-getopt-0.3.2.tgz",
      "integrity": "sha512-yqkmYrMbK1wPrfz7mgeYvA4tBperLg9FQ4S3Sau3nSAkpOA0x0zC8nQ1siBwozy1f4SE8vq2n1WKv99r+PCa1Q=="
    }
  }
}
